
Microsoft Visual Studio Solution File, Format Version 12.00
# Visual Studio Version 16
VisualStudioVersion = 16.0.30907.101
MinimumVisualStudioVersion = 10.0.40219.1
Project("{FAE04EC0-301F-11D3-BF4B-00C04F79EFBC}") = "CSHARP_APP", "CSHARP_APP\CSHARP_APP.csproj", "{3E90CCAD-565F-4EFE-B10F-44E0A019DAF4}"
EndProject
Global
	GlobalSection(SolutionConfigurationPlatforms) = preSolution
		Debug|Any CPU = Debug|Any CPU
		Release|Any CPU = Release|Any CPU
	EndGlobalSection
	GlobalSection(ProjectConfigurationPlatforms) = postSolution
		{3E90CCAD-565F-4EFE-B10F-44E0A019DAF4}.Debug|Any CPU.ActiveCfg = Debug|Any CPU
		{3E90CCAD-565F-4EFE-B10F-44E0A019DAF4}.Debug|Any CPU.Build.0 = Debug|Any CPU
		{3E90CCAD-565F-4EFE-B10F-44E0A019DAF4}.Release|Any CPU.ActiveCfg = Release|Any CPU
		{3E90CCAD-565F-4EFE-B10F-44E0A019DAF4}.Release|Any CPU.Build.0 = Release|Any CPU
	EndGlobalSection
	GlobalSection(SolutionProperties) = preSolution
		HideSolutionNode = FALSE
	EndGlobalSection
	GlobalSection(ExtensibilityGlobals) = postSolution
		SolutionGuid = {D28CA9DE-CBDB-4DA7-9BBB-FE9A79F6B3EF}
	EndGlobalSection
EndGlobal
